
Microsoft Visual Studio Solution File, Format Version 12.00
# Visual Studio 15
VisualStudioVersion = 15.0.27703.2035
MinimumVisualStudioVersion = 10.0.40219.1
Project("{FAE04EC0-301F-11D3-BF4B-00C04F79EFBC}") = "web-print-agent", "web-print-agent\web-print-agent.csproj", "{A778770A-DC3C-4E34-AE53-8542DA16BAFE}"
EndProject
Global
	GlobalSection(SolutionConfigurationPlatforms) = preSolution
		Debug|Any CPU = Debug|Any CPU
		Release|Any CPU = Release|Any CPU
	EndGlobalSection
	GlobalSection(ProjectConfigurationPlatforms) = postSolution
		{A778770A-DC3C-4E34-AE53-8542DA16BAFE}.Debug|Any CPU.ActiveCfg = Debug|Any CPU
		{A778770A-DC3C-4E34-AE53-8542DA16BAFE}.Debug|Any CPU.Build.0 = Debug|Any CPU
		{A778770A-DC3C-4E34-AE53-8542DA16BAFE}.Release|Any CPU.ActiveCfg = Release|Any CPU
		{A778770A-DC3C-4E34-AE53-8542DA16BAFE}.Release|Any CPU.Build.0 = Release|Any CPU
	EndGlobalSection
	GlobalSection(SolutionProperties) = preSolution
		HideSolutionNode = FALSE
	EndGlobalSection
	GlobalSection(ExtensibilityGlobals) = postSolution
		SolutionGuid = {909701C4-0376-4058-BE0A-09BB912A9C4F}
	EndGlobalSection
EndGlobal
